
Microsoft Visual Studio Solution File, Format Version 12.00
# Visual Studio Version 16
VisualStudioVersion = 16.0.31005.135
MinimumVisualStudioVersion = 10.0.40219.1
Project("{9A19103F-16F7-4668-BE54-9A1E7A4F7556}") = "INFW.Core", "INFW.Core\INFW.Core.csproj", "{5FE38CC6-6454-4ADA-B8A8-CAB22E24A0E6}"
EndProject
Project("{9A19103F-16F7-4668-BE54-9A1E7A4F7556}") = "INFW.Authorization.WebAPI", "INFW.Authorization.WebAPI\INFW.Authorization.WebAPI.csproj", "{E81D4C66-381F-487F-B166-EAD6E02C6613}"
EndProject
Project("{9A19103F-16F7-4668-BE54-9A1E7A4F7556}") = "INFW.Authorization.DataAccess", "INFW.Authorization.DataAccess\INFW.Authorization.DataAccess.csproj", "{91F0D80A-B2E0-4CCA-BC19-BFDC3C493B3E}"
EndProject
Project("{9A19103F-16F7-4668-BE54-9A1E7A4F7556}") = "INFW.Authorization.Entities", "INFW.Authorization.Entities\INFW.Authorization.Entities.csproj", "{48B6A6F3-991C-4096-903C-24630D641E4A}"
EndProject
Project("{9A19103F-16F7-4668-BE54-9A1E7A4F7556}") = "INFW.Authorization.Business", "INFW.Authorization.Business\INFW.Authorization.Business.csproj", "{73DFCABF-DA56-4BB5-9785-693F5D05A936}"
EndProject
Project("{9A19103F-16F7-4668-BE54-9A1E7A4F7556}") = "INFW.Authorization.DataAccess.Tests", "INFW.Authorization.DataAccess.Tests\INFW.Authorization.DataAccess.Tests.csproj", "{A99F302A-60FE-4EE3-A4E9-7D0FF548418C}"
EndProject
Project("{9A19103F-16F7-4668-BE54-9A1E7A4F7556}") = "INFW.Authorization.Business.Tests", "INFW.Authorization.Business.Tests\INFW.Authorization.Business.Tests.csproj", "{04A014AA-CB1A-4C59-BFC9-624E4242C165}"
EndProject
Project("{9A19103F-16F7-4668-BE54-9A1E7A4F7556}") = "INFW.Authorization.WebAPI.Tests", "INFW.Authorization.WebAPI.Tests\INFW.Authorization.WebAPI.Tests.csproj", "{7080E1A2-EF3E-4776-B874-1AC7AA2D7CD6}"
EndProject
Project("{2150E333-8FDC-42A3-9474-1A3956D46DE8}") = "base", "base", "{6E9CC015-BCD3-47A5-9DBA-70852F3D4DA3}"
EndProject
Project("{2150E333-8FDC-42A3-9474-1A3956D46DE8}") = "libraries", "libraries", "{F9669F8C-511E-437A-BC39-E7C521A15C24}"
EndProject
Project("{2150E333-8FDC-42A3-9474-1A3956D46DE8}") = "Presentations", "Presentations", "{19F18534-9614-4C7A-9D13-C3E3D7FC169B}"
EndProject
Global
	GlobalSection(SolutionConfigurationPlatforms) = preSolution
		Debug|Any CPU = Debug|Any CPU
		Debug|x64 = Debug|x64
		Release|Any CPU = Release|Any CPU
		Release|x64 = Release|x64
	EndGlobalSection
	GlobalSection(ProjectConfigurationPlatforms) = postSolution
		{5FE38CC6-6454-4ADA-B8A8-CAB22E24A0E6}.Debug|Any CPU.ActiveCfg = Debug|Any CPU
		{5FE38CC6-6454-4ADA-B8A8-CAB22E24A0E6}.Debug|Any CPU.Build.0 = Debug|Any CPU
		{5FE38CC6-6454-4ADA-B8A8-CAB22E24A0E6}.Debug|x64.ActiveCfg = Debug|x64
		{5FE38CC6-6454-4ADA-B8A8-CAB22E24A0E6}.Debug|x64.Build.0 = Debug|x64
		{5FE38CC6-6454-4ADA-B8A8-CAB22E24A0E6}.Release|Any CPU.ActiveCfg = Release|Any CPU
		{5FE38CC6-6454-4ADA-B8A8-CAB22E24A0E6}.Release|Any CPU.Build.0 = Release|Any CPU
		{5FE38CC6-6454-4ADA-B8A8-CAB22E24A0E6}.Release|x64.ActiveCfg = Release|x64
		{5FE38CC6-6454-4ADA-B8A8-CAB22E24A0E6}.Release|x64.Build.0 = Release|x64
		{E81D4C66-381F-487F-B166-EAD6E02C6613}.Debug|Any CPU.ActiveCfg = Debug|Any CPU
		{E81D4C66-381F-487F-B166-EAD6E02C6613}.Debug|Any CPU.Build.0 = Debug|Any CPU
		{E81D4C66-381F-487F-B166-EAD6E02C6613}.Debug|x64.ActiveCfg = Debug|x64
		{E81D4C66-381F-487F-B166-EAD6E02C6613}.Debug|x64.Build.0 = Debug|x64
		{E81D4C66-381F-487F-B166-EAD6E02C6613}.Release|Any CPU.ActiveCfg = Release|Any CPU
		{E81D4C66-381F-487F-B166-EAD6E02C6613}.Release|Any CPU.Build.0 = Release|Any CPU
		{E81D4C66-381F-487F-B166-EAD6E02C6613}.Release|x64.ActiveCfg = Release|x64
		{E81D4C66-381F-487F-B166-EAD6E02C6613}.Release|x64.Build.0 = Release|x64
		{91F0D80A-B2E0-4CCA-BC19-BFDC3C493B3E}.Debug|Any CPU.ActiveCfg = Debug|Any CPU
		{91F0D80A-B2E0-4CCA-BC19-BFDC3C493B3E}.Debug|Any CPU.Build.0 = Debug|Any CPU
		{91F0D80A-B2E0-4CCA-BC19-BFDC3C493B3E}.Debug|x64.ActiveCfg = Debug|x64
		{91F0D80A-B2E0-4CCA-BC19-BFDC3C493B3E}.Debug|x64.Build.0 = Debug|x64
		{91F0D80A-B2E0-4CCA-BC19-BFDC3C493B3E}.Release|Any CPU.ActiveCfg = Release|Any CPU
		{91F0D80A-B2E0-4CCA-BC19-BFDC3C493B3E}.Release|Any CPU.Build.0 = Release|Any CPU
		{91F0D80A-B2E0-4CCA-BC19-BFDC3C493B3E}.Release|x64.ActiveCfg = Release|x64
		{91F0D80A-B2E0-4CCA-BC19-BFDC3C493B3E}.Release|x64.Build.0 = Release|x64
		{48B6A6F3-991C-4096-903C-24630D641E4A}.Debug|Any CPU.ActiveCfg = Debug|Any CPU
		{48B6A6F3-991C-4096-903C-24630D641E4A}.Debug|Any CPU.Build.0 = Debug|Any CPU
		{48B6A6F3-991C-4096-903C-24630D641E4A}.Debug|x64.ActiveCfg = Debug|x64
		{48B6A6F3-991C-4096-903C-24630D641E4A}.Debug|x64.Build.0 = Debug|x64
		{48B6A6F3-991C-4096-903C-24630D641E4A}.Release|Any CPU.ActiveCfg = Release|Any CPU
		{48B6A6F3-991C-4096-903C-24630D641E4A}.Release|Any CPU.Build.0 = Release|Any CPU
		{48B6A6F3-991C-4096-903C-24630D641E4A}.Release|x64.ActiveCfg = Release|x64
		{48B6A6F3-991C-4096-903C-24630D641E4A}.Release|x64.Build.0 = Release|x64
		{73DFCABF-DA56-4BB5-9785-693F5D05A936}.Debug|Any CPU.ActiveCfg = Debug|Any CPU
		{73DFCABF-DA56-4BB5-9785-693F5D05A936}.Debug|Any CPU.Build.0 = Debug|Any CPU
		{73DFCABF-DA56-4BB5-9785-693F5D05A936}.Debug|x64.ActiveCfg = Debug|x64
		{73DFCABF-DA56-4BB5-9785-693F5D05A936}.Debug|x64.Build.0 = Debug|x64
		{73DFCABF-DA56-4BB5-9785-693F5D05A936}.Release|Any CPU.ActiveCfg = Release|Any CPU
		{73DFCABF-DA56-4BB5-9785-693F5D05A936}.Release|Any CPU.Build.0 = Release|Any CPU
		{73DFCABF-DA56-4BB5-9785-693F5D05A936}.Release|x64.ActiveCfg = Release|x64
		{73DFCABF-DA56-4BB5-9785-693F5D05A936}.Release|x64.Build.0 = Release|x64
		{A99F302A-60FE-4EE3-A4E9-7D0FF548418C}.Debug|Any CPU.ActiveCfg = Debug|Any CPU
		{A99F302A-60FE-4EE3-A4E9-7D0FF548418C}.Debug|Any CPU.Build.0 = Debug|Any CPU
		{A99F302A-60FE-4EE3-A4E9-7D0FF548418C}.Debug|x64.ActiveCfg = Debug|x64
		{A99F302A-60FE-4EE3-A4E9-7D0FF548418C}.Debug|x64.Build.0 = Debug|x64
		{A99F302A-60FE-4EE3-A4E9-7D0FF548418C}.Release|Any CPU.ActiveCfg = Release|Any CPU
		{A99F302A-60FE-4EE3-A4E9-7D0FF548418C}.Release|Any CPU.Build.0 = Release|Any CPU
		{A99F302A-60FE-4EE3-A4E9-7D0FF548418C}.Release|x64.ActiveCfg = Release|x64
		{A99F302A-60FE-4EE3-A4E9-7D0FF548418C}.Release|x64.Build.0 = Release|x64
		{04A014AA-CB1A-4C59-BFC9-624E4242C165}.Debug|Any CPU.ActiveCfg = Debug|Any CPU
		{04A014AA-CB1A-4C59-BFC9-624E4242C165}.Debug|Any CPU.Build.0 = Debug|Any CPU
		{04A014AA-CB1A-4C59-BFC9-624E4242C165}.Debug|x64.ActiveCfg = Debug|x64
		{04A014AA-CB1A-4C59-BFC9-624E4242C165}.Debug|x64.Build.0 = Debug|x64
		{04A014AA-CB1A-4C59-BFC9-624E4242C165}.Release|Any CPU.ActiveCfg = Release|Any CPU
		{04A014AA-CB1A-4C59-BFC9-624E4242C165}.Release|Any CPU.Build.0 = Release|Any CPU
		{04A014AA-CB1A-4C59-BFC9-624E4242C165}.Release|x64.ActiveCfg = Release|x64
		{04A014AA-CB1A-4C59-BFC9-624E4242C165}.Release|x64.Build.0 = Release|x64
		{7080E1A2-EF3E-4776-B874-1AC7AA2D7CD6}.Debug|Any CPU.ActiveCfg = Debug|Any CPU
		{7080E1A2-EF3E-4776-B874-1AC7AA2D7CD6}.Debug|Any CPU.Build.0 = Debug|Any CPU
		{7080E1A2-EF3E-4776-B874-1AC7AA2D7CD6}.Debug|x64.ActiveCfg = Debug|x64
		{7080E1A2-EF3E-4776-B874-1AC7AA2D7CD6}.Debug|x64.Build.0 = Debug|x64
		{7080E1A2-EF3E-4776-B874-1AC7AA2D7CD6}.Release|Any CPU.ActiveCfg = Release|Any CPU
		{7080E1A2-EF3E-4776-B874-1AC7AA2D7CD6}.Release|Any CPU.Build.0 = Release|Any CPU
		{7080E1A2-EF3E-4776-B874-1AC7AA2D7CD6}.Release|x64.ActiveCfg = Release|x64
		{7080E1A2-EF3E-4776-B874-1AC7AA2D7CD6}.Release|x64.Build.0 = Release|x64
	EndGlobalSection
	GlobalSection(SolutionProperties) = preSolution
		HideSolutionNode = FALSE
	EndGlobalSection
	GlobalSection(NestedProjects) = preSolution
		{5FE38CC6-6454-4ADA-B8A8-CAB22E24A0E6} = {6E9CC015-BCD3-47A5-9DBA-70852F3D4DA3}
		{E81D4C66-381F-487F-B166-EAD6E02C6613} = {19F18534-9614-4C7A-9D13-C3E3D7FC169B}
		{91F0D80A-B2E0-4CCA-BC19-BFDC3C493B3E} = {F9669F8C-511E-437A-BC39-E7C521A15C24}
		{48B6A6F3-991C-4096-903C-24630D641E4A} = {F9669F8C-511E-437A-BC39-E7C521A15C24}
		{73DFCABF-DA56-4BB5-9785-693F5D05A936} = {F9669F8C-511E-437A-BC39-E7C521A15C24}
		{A99F302A-60FE-4EE3-A4E9-7D0FF548418C} = {F9669F8C-511E-437A-BC39-E7C521A15C24}
		{04A014AA-CB1A-4C59-BFC9-624E4242C165} = {F9669F8C-511E-437A-BC39-E7C521A15C24}
		{7080E1A2-EF3E-4776-B874-1AC7AA2D7CD6} = {19F18534-9614-4C7A-9D13-C3E3D7FC169B}
	EndGlobalSection
	GlobalSection(ExtensibilityGlobals) = postSolution
		SolutionGuid = {84B3D045-76F2-4FE2-AAA9-FDE9EECB3AE3}
	EndGlobalSection
EndGlobal
